
Microsoft Visual Studio Solution File, Format Version 12.00
# Visual Studio 2017
Project("{FAE04EC0-301F-11D3-BF4B-00C04F79EFBC}") = "Pong Game", "Pong Game.csproj", "{7C457E6B-7511-9F79-F2F6-345993822BDD}"
EndProject
Global
	GlobalSection(SolutionConfigurationPlatforms) = preSolution
		Debug|Any CPU = Debug|Any CPU
		Release|Any CPU = Release|Any CPU
	EndGlobalSection
	GlobalSection(ProjectConfigurationPlatforms) = postSolution
		{7C457E6B-7511-9F79-F2F6-345993822BDD}.Debug|Any CPU.ActiveCfg = Debug|Any CPU
		{7C457E6B-7511-9F79-F2F6-345993822BDD}.Debug|Any CPU.Build.0 = Debug|Any CPU
		{7C457E6B-7511-9F79-F2F6-345993822BDD}.Release|Any CPU.ActiveCfg = Release|Any CPU
		{7C457E6B-7511-9F79-F2F6-345993822BDD}.Release|Any CPU.Build.0 = Release|Any CPU
	EndGlobalSection
	GlobalSection(SolutionProperties) = preSolution
		HideSolutionNode = FALSE
	EndGlobalSection
EndGlobal
